
Microsoft Visual Studio Solution File, Format Version 12.00
# Visual Studio 2013
VisualStudioVersion = 12.0.21005.1
MinimumVisualStudioVersion = 10.0.40219.1
Project("{FAE04EC0-301F-11D3-BF4B-00C04F79EFBC}") = "Unidade6", "Unidade6\Unidade6.csproj", "{F1A821D8-751E-4205-8968-33E6EBBA5346}"
EndProject
Project("{2150E333-8FDC-42A3-9474-1A3956D46DE8}") = "testeDB", "testeDB", "{64D08B15-5FBD-46FF-80CD-82572CD442A2}"
EndProject
Project("{FAE04EC0-301F-11D3-BF4B-00C04F79EFBC}") = "teste1DB", "teste1DB\teste1DB.csproj", "{0ECD87A1-27CD-4D22-AF5F-C2C69C0B96D1}"
EndProject
Project("{2150E333-8FDC-42A3-9474-1A3956D46DE8}") = "Tarefa Arrays", "Tarefa Arrays", "{69BFDC05-0E28-4775-8F09-D8789520B360}"
EndProject
Project("{FAE04EC0-301F-11D3-BF4B-00C04F79EFBC}") = "exercicio1", "exercicio1\exercicio1.csproj", "{E128E23E-278F-4C63-B8E7-ED56E6DC64BB}"
EndProject
Project("{2150E333-8FDC-42A3-9474-1A3956D46DE8}") = "Exercicio Complementares Coleções", "Exercicio Complementares Coleções", "{BA8B6048-2B29-4A8C-B9C7-C92FCC2BB6E3}"
EndProject
Project("{2150E333-8FDC-42A3-9474-1A3956D46DE8}") = "Coleções", "Coleções", "{870933CB-0C0D-45E2-A885-11F995DAAB03}"
EndProject
Project("{FAE04EC0-301F-11D3-BF4B-00C04F79EFBC}") = "Exercicio_coleções", "Exercicio_coleções\Exercicio_coleções.csproj", "{0871E189-5345-449B-ABF9-413CA4F4718F}"
EndProject
Project("{2150E333-8FDC-42A3-9474-1A3956D46DE8}") = "Html", "Html", "{B01B6F74-ED9D-4E05-B6C1-0D28351E70C8}"
	ProjectSection(SolutionItems) = preProject
		exemplo1.html = exemplo1.html
	EndProjectSection
EndProject
Global
	GlobalSection(SolutionConfigurationPlatforms) = preSolution
		Debug|Any CPU = Debug|Any CPU
		Release|Any CPU = Release|Any CPU
	EndGlobalSection
	GlobalSection(ProjectConfigurationPlatforms) = postSolution
		{F1A821D8-751E-4205-8968-33E6EBBA5346}.Debug|Any CPU.ActiveCfg = Debug|Any CPU
		{F1A821D8-751E-4205-8968-33E6EBBA5346}.Debug|Any CPU.Build.0 = Debug|Any CPU
		{F1A821D8-751E-4205-8968-33E6EBBA5346}.Release|Any CPU.ActiveCfg = Release|Any CPU
		{F1A821D8-751E-4205-8968-33E6EBBA5346}.Release|Any CPU.Build.0 = Release|Any CPU
		{0ECD87A1-27CD-4D22-AF5F-C2C69C0B96D1}.Debug|Any CPU.ActiveCfg = Debug|Any CPU
		{0ECD87A1-27CD-4D22-AF5F-C2C69C0B96D1}.Debug|Any CPU.Build.0 = Debug|Any CPU
		{0ECD87A1-27CD-4D22-AF5F-C2C69C0B96D1}.Release|Any CPU.ActiveCfg = Release|Any CPU
		{0ECD87A1-27CD-4D22-AF5F-C2C69C0B96D1}.Release|Any CPU.Build.0 = Release|Any CPU
		{E128E23E-278F-4C63-B8E7-ED56E6DC64BB}.Debug|Any CPU.ActiveCfg = Debug|Any CPU
		{E128E23E-278F-4C63-B8E7-ED56E6DC64BB}.Debug|Any CPU.Build.0 = Debug|Any CPU
		{E128E23E-278F-4C63-B8E7-ED56E6DC64BB}.Release|Any CPU.ActiveCfg = Release|Any CPU
		{E128E23E-278F-4C63-B8E7-ED56E6DC64BB}.Release|Any CPU.Build.0 = Release|Any CPU
		{0871E189-5345-449B-ABF9-413CA4F4718F}.Debug|Any CPU.ActiveCfg = Debug|Any CPU
		{0871E189-5345-449B-ABF9-413CA4F4718F}.Debug|Any CPU.Build.0 = Debug|Any CPU
		{0871E189-5345-449B-ABF9-413CA4F4718F}.Release|Any CPU.ActiveCfg = Release|Any CPU
		{0871E189-5345-449B-ABF9-413CA4F4718F}.Release|Any CPU.Build.0 = Release|Any CPU
	EndGlobalSection
	GlobalSection(SolutionProperties) = preSolution
		HideSolutionNode = FALSE
	EndGlobalSection
	GlobalSection(NestedProjects) = preSolution
		{64D08B15-5FBD-46FF-80CD-82572CD442A2} = {69BFDC05-0E28-4775-8F09-D8789520B360}
		{E128E23E-278F-4C63-B8E7-ED56E6DC64BB} = {69BFDC05-0E28-4775-8F09-D8789520B360}
		{0ECD87A1-27CD-4D22-AF5F-C2C69C0B96D1} = {64D08B15-5FBD-46FF-80CD-82572CD442A2}
		{870933CB-0C0D-45E2-A885-11F995DAAB03} = {BA8B6048-2B29-4A8C-B9C7-C92FCC2BB6E3}
		{0871E189-5345-449B-ABF9-413CA4F4718F} = {870933CB-0C0D-45E2-A885-11F995DAAB03}
	EndGlobalSection
EndGlobal
